
Microsoft Visual Studio Solution File, Format Version 12.00
# Visual Studio Version 17
VisualStudioVersion = 17.4.33213.308
MinimumVisualStudioVersion = 10.0.40219.1
Project("{FAE04EC0-301F-11D3-BF4B-00C04F79EFBC}") = "IdentityAuth", "IdentityAuth\IdentityAuth.csproj", "{7431FBE9-51F3-4947-AFAB-73D4C022EE42}"
EndProject
Project("{FAE04EC0-301F-11D3-BF4B-00C04F79EFBC}") = "ClaimsManagement", "ClaimsManagement\ClaimsManagement.csproj", "{09B3C298-4E95-4287-8D2D-D9CD55B0547B}"
EndProject
Project("{FAE04EC0-301F-11D3-BF4B-00C04F79EFBC}") = "ExternalIdentity", "ExternalIdentity\ExternalIdentity.csproj", "{833F0FF0-9B41-43D8-9997-AD699AC0FFE4}"
EndProject
Global
	GlobalSection(SolutionConfigurationPlatforms) = preSolution
		Debug|Any CPU = Debug|Any CPU
		Release|Any CPU = Release|Any CPU
	EndGlobalSection
	GlobalSection(ProjectConfigurationPlatforms) = postSolution
		{7431FBE9-51F3-4947-AFAB-73D4C022EE42}.Debug|Any CPU.ActiveCfg = Debug|Any CPU
		{7431FBE9-51F3-4947-AFAB-73D4C022EE42}.Debug|Any CPU.Build.0 = Debug|Any CPU
		{7431FBE9-51F3-4947-AFAB-73D4C022EE42}.Release|Any CPU.ActiveCfg = Release|Any CPU
		{7431FBE9-51F3-4947-AFAB-73D4C022EE42}.Release|Any CPU.Build.0 = Release|Any CPU
		{09B3C298-4E95-4287-8D2D-D9CD55B0547B}.Debug|Any CPU.ActiveCfg = Debug|Any CPU
		{09B3C298-4E95-4287-8D2D-D9CD55B0547B}.Debug|Any CPU.Build.0 = Debug|Any CPU
		{09B3C298-4E95-4287-8D2D-D9CD55B0547B}.Release|Any CPU.ActiveCfg = Release|Any CPU
		{09B3C298-4E95-4287-8D2D-D9CD55B0547B}.Release|Any CPU.Build.0 = Release|Any CPU
		{833F0FF0-9B41-43D8-9997-AD699AC0FFE4}.Debug|Any CPU.ActiveCfg = Debug|Any CPU
		{833F0FF0-9B41-43D8-9997-AD699AC0FFE4}.Debug|Any CPU.Build.0 = Debug|Any CPU
		{833F0FF0-9B41-43D8-9997-AD699AC0FFE4}.Release|Any CPU.ActiveCfg = Release|Any CPU
		{833F0FF0-9B41-43D8-9997-AD699AC0FFE4}.Release|Any CPU.Build.0 = Release|Any CPU
	EndGlobalSection
	GlobalSection(SolutionProperties) = preSolution
		HideSolutionNode = FALSE
	EndGlobalSection
	GlobalSection(ExtensibilityGlobals) = postSolution
		SolutionGuid = {A8E6247D-D5F4-4EC4-817B-620758CAFDAD}
	EndGlobalSection
EndGlobal
